
Microsoft Visual Studio Solution File, Format Version 12.00
# Visual Studio Version 17
VisualStudioVersion = 17.14.36930.0 d17.14
MinimumVisualStudioVersion = 10.0.40219.1
Project("{FAE04EC0-301F-11D3-BF4B-00C04F79EFBC}") = "Etterem", "Etterem\Etterem.csproj", "{14D4F8E8-66E2-477D-A80F-83FAAA5BA844}"
EndProject
Global
	GlobalSection(SolutionConfigurationPlatforms) = preSolution
		Debug|Any CPU = Debug|Any CPU
		Release|Any CPU = Release|Any CPU
	EndGlobalSection
	GlobalSection(ProjectConfigurationPlatforms) = postSolution
		{14D4F8E8-66E2-477D-A80F-83FAAA5BA844}.Debug|Any CPU.ActiveCfg = Debug|Any CPU
		{14D4F8E8-66E2-477D-A80F-83FAAA5BA844}.Debug|Any CPU.Build.0 = Debug|Any CPU
		{14D4F8E8-66E2-477D-A80F-83FAAA5BA844}.Release|Any CPU.ActiveCfg = Release|Any CPU
		{14D4F8E8-66E2-477D-A80F-83FAAA5BA844}.Release|Any CPU.Build.0 = Release|Any CPU
	EndGlobalSection
	GlobalSection(SolutionProperties) = preSolution
		HideSolutionNode = FALSE
	EndGlobalSection
	GlobalSection(ExtensibilityGlobals) = postSolution
		SolutionGuid = {05DD3DC3-7DFF-4380-BFE1-BCBCA3477BD6}
	EndGlobalSection
EndGlobal
